# This file is generated by running "yarn install" inside your project.
# Manual changes might be lost - proceed with caution!

__metadata:
  version: 4
  cacheKey: 6

"auto-parse@npm:^1.3.0":
  version: 1.8.0
  resolution: "auto-parse@npm:1.8.0"
  dependencies:
    typpy: 2.3.11
  checksum: 7c4649c702ea540f7bf300a2f4a429a337f0e4e62a03343af0b542a37de2d9a677d536ae7fde62a46bd39ec84b8ee96c96e08ce68e0726d03018a69d94f57303
  languageName: node
  linkType: hard

"camelcase@npm:^5.3.1":
  version: 5.3.1
  resolution: "camelcase@npm:5.3.1"
  checksum: 6a3350c4ea8ab6e5109e0b443cfaf43dc40abfad7b2d79dcafbbafbe9b6b4059b4365b17ad822e24cf08e6627c1ffb65a9651d05cef9fcc6f64b6a0c2f327feb
  languageName: node
  linkType: hard

"cross-spawn@npm:^7.0.1, cross-spawn@npm:^7.0.3":
  version: 7.0.3
  resolution: "cross-spawn@npm:7.0.3"
  dependencies:
    path-key: ^3.1.0
    shebang-command: ^2.0.0
    which: ^2.0.1
  checksum: 51f10036f5f1de781be98f4738d58b50c6d44f4f471069b8ab075b21605893ba1548654880f7310a29a732d6fc7cd481da6026169b9f0831cab0148a62fb397a
  languageName: node
  linkType: hard

"docker-tools@workspace:.":
  version: 0.0.0-use.local
  resolution: "docker-tools@workspace:."
  dependencies:
    cross-spawn: ^7.0.3
    dotenv-expand: ^5.1.0
    dotenv-extended: ^2.8.0
  languageName: unknown
  linkType: soft

"dotenv-expand@npm:^5.1.0":
  version: 5.1.0
  resolution: "dotenv-expand@npm:5.1.0"
  checksum: b895c6220d345db8f58dca439d3bc65c2ee538659df570ed3fa8c99487df854afd6d1ddadf1e43a4091c9ed6166956e7db7bc5a05cf48fa812c0772e1f5cf860
  languageName: node
  linkType: hard

"dotenv-extended@npm:^2.8.0":
  version: 2.8.0
  resolution: "dotenv-extended@npm:2.8.0"
  dependencies:
    auto-parse: ^1.3.0
    camelcase: ^5.3.1
    cross-spawn: ^7.0.1
    dotenv: ^8.2.0
  bin:
    dotenv-extended: lib/bin/index.js
  checksum: bfcfe81deea97f864b6f66e32deab893a9935efb82c27753e82436e31a16bac811b81499d9b92e6061b615e6adcbaf2864005a00de81d941ed434fcfc7de1729
  languageName: node
  linkType: hard

"dotenv@npm:^8.2.0":
  version: 8.2.0
  resolution: "dotenv@npm:8.2.0"
  checksum: 16cb89cbd7b98b053899b8aba8c5044c8fb61a2db8a81fe70360b75035fce5fed53bd7a34d772be717d0880c0321122a4c09423f518025e1b52d96791521b1a7
  languageName: node
  linkType: hard

"function.name@npm:^1.0.3":
  version: 1.0.12
  resolution: "function.name@npm:1.0.12"
  dependencies:
    noop6: ^1.0.1
  checksum: 6505172aadd8bb580887b08b602a72690556727851db986910d2de0a7c934128b47b2207d7bd96cdea4fb5b40991f67f92a0bdad8ff15fb2eb72c9eced60aade
  languageName: node
  linkType: hard

"isexe@npm:^2.0.0":
  version: 2.0.0
  resolution: "isexe@npm:2.0.0"
  checksum: 7b437980bb77881a146fba85cfbdf01edc2b148673e9c2722a1e49661fea73adf524430a80fdbfb8ce9f60d43224e682c657c45030482bd39e0c488fc29b4afe
  languageName: node
  linkType: hard

"noop6@npm:^1.0.1":
  version: 1.0.8
  resolution: "noop6@npm:1.0.8"
  checksum: 7986e1493c306f752dd01d599bd00afba20c7570b7f9e22c82abc01326f745477784b567ac0f09ee7488b9c91a1f3027927eeebeba8102663579d5e76656bc50
  languageName: node
  linkType: hard

"path-key@npm:^3.1.0":
  version: 3.1.1
  resolution: "path-key@npm:3.1.1"
  checksum: e44aa3ca9faed0440994883050143b1214fffb907bf3a7bbdba15dc84f60821617c0d84e4cc74e1d84e9274003da50427f54d739b0b47636bcbaff4ec71b9b86
  languageName: node
  linkType: hard

"shebang-command@npm:^2.0.0":
  version: 2.0.0
  resolution: "shebang-command@npm:2.0.0"
  dependencies:
    shebang-regex: ^3.0.0
  checksum: 85aa394d8cedeedf2e03524d6defef67a2b07d3a17d7ee50d4281d62d3fca898f26ebe7aa7bf674d51b80f197aa1d346bc1a10e8efb04377b534f4322c621012
  languageName: node
  linkType: hard

"shebang-regex@npm:^3.0.0":
  version: 3.0.0
  resolution: "shebang-regex@npm:3.0.0"
  checksum: ea18044ffaf18129ced5a246660a9171a7dff98999aaa9de8abb237d8a7711d8a1f76e16881399994ee429156717ce1c6a50c665bb18a4d55a7f80b9125b1f7d
  languageName: node
  linkType: hard

"typpy@npm:2.3.11":
  version: 2.3.11
  resolution: "typpy@npm:2.3.11"
  dependencies:
    function.name: ^1.0.3
  checksum: 45b09a561e72d9c098fe0b7e019710a50b7b5be282e469076cb72849f79eba0a71f5b27c311849d71753700a4b0607f8d6faf031ccfd3a71090a8f059a43ebec
  languageName: node
  linkType: hard

"which@npm:^2.0.1":
  version: 2.0.2
  resolution: "which@npm:2.0.2"
  dependencies:
    isexe: ^2.0.0
  bin:
    node-which: ./bin/node-which
  checksum: ea9b1db1266b08f7880717cf70dd9012dd523e5a317f10fbe4d5e8c1a761c5fd237f88642f2ba33b23f973ff4002c9b26648d63084ab208d8ecef36497315f6e
  languageName: node
  linkType: hard
